<?xml version="1.0" encoding="utf-8"?>
<Project ToolsVersion="4.0" xmlns="http://schemas.microsoft.com/developer/msbuild/2003">
  <ItemGroup>
    <ClCompile Include="Q128_LongestConsecutiveSequence.cpp" />
    <ClCompile Include="Q129_SumRootToLeafNumbers.cpp" />
    <ClCompile Include="Q126_WordLadderII.cpp" />
    <ClCompile Include="Q115_DistinctSubSequences.cpp" />
    <ClCompile Include="Q116_PopulatingNextRightPointersinEachNode.cpp" />
    <ClCompile Include="Q117.PopulatingNextRightPointersinEachNodeII.cpp" />
    <ClCompile Include="Q121_BestTimetoBuyandSellStock.cpp" />
    <ClCompile Include="Q119_PascalTriangleII.cpp" />
    <ClCompile Include="Q120_Triangle.cpp" />
    <ClCompile Include="Q122_BestTimeToBuyAndSellStockII.cpp" />
    <ClCompile Include="Q123_BestTimeToBuyAndSellStockIII.cpp" />
    <ClCompile Include="Q125_ValidPalindrome.cpp" />
    <ClCompile Include="Q126_WordLadderII_v1.cpp" />
    <ClCompile Include="Q127_WordLadder.cpp" />
    <ClCompile Include="Q130_SurroundedRegions.cpp" />
    <ClCompile Include="Q131_Palindrome_Partitioning.cpp" />
    <ClCompile Include="Q132_Palindrome_Partitioning_II.cpp" />
    <ClCompile Include="Q133_CloneGraph.cpp" />
    <ClCompile Include="Q134_GasStation.cpp" />
    <ClCompile Include="Q135_Candy.cpp" />
    <ClCompile Include="Q136_SingleNumber.cpp" />
    <ClCompile Include="Q137_SingleNumberII.cpp" />
    <ClCompile Include="Q138_CopyListWithRandomPointer.cpp" />
    <ClCompile Include="Q140_WordBreakII.cpp" />
    <ClCompile Include="Q142_LinkedListCycleII.cpp" />
    <ClCompile Include="Q144_BinaryTreePreorderTraversal.cpp" />
    <ClCompile Include="Q145_BinaryTreePostorderTraversal.cpp" />
    <ClCompile Include="Q147_InsertionSortList.cpp" />
    <ClCompile Include="Q148_SortList.cpp" />
    <ClCompile Include="Q149_MaxPointsOnALine.cpp" />
    <ClCompile Include="Q150_EvaluateReversePolishNotation.cpp" />
    <ClCompile Include="Q151_ReverseWordsInAString.cpp" />
    <ClCompile Include="Q154_FindMinimumInRotatedSortedArrayII.cpp" />
    <ClCompile Include="Q156_BinaryTreeUpsideDown.cpp" />
    <ClCompile Include="Q157_ReadNCharactersGivenRead4.cpp" />
    <ClCompile Include="Q158_ReadNCharactersGivenRead4II.cpp" />
    <ClCompile Include="Q159_LongestSubstringwit AtMostTwoDistinctCharacters.cpp" />
    <ClCompile Include="Q160_IntersectionofTwoLinkedLists.cpp" />
    <ClCompile Include="Q161_OneEditDistance.cpp" />
    <ClCompile Include="Q163_MissingRanges.cpp" />
    <ClCompile Include="Q164_MaximumGap.cpp" />
    <ClCompile Include="Q165_CompareVersionNumbers.cpp" />
    <ClCompile Include="Q167_TwoSumIIInputarrayissorted.cpp" />
    <ClCompile Include="Q168_ExcelSheetColumnTitle.cpp" />
    <ClCompile Include="Q169_MajorityElement.cpp" />
    <ClCompile Include="Q170_TwoSumIIIDatastructuredesign.cpp" />
    <ClCompile Include="Q171_ExcelSheetColumnNumber.cpp" />
    <ClCompile Include="Q172_FactorialTrailingZeroes.cpp" />
    <ClCompile Include="Q174_DungeonGame.cpp" />
    <ClCompile Include="Q175_Combine_Two_Tables.cpp" />
    <ClCompile Include="Q176_Second_Highest_Salary.cpp" />
    <ClCompile Include="Q186_ReverseWordsinaStringII.cpp" />
    <ClCompile Include="Q187_RepeatedDNASequences.cpp" />
    <ClCompile Include="Q188_BestTimetoBuyandSellStockIV.cpp" />
    <ClCompile Include="Q189_RotateArray.cpp" />
    <ClCompile Include="Q190_Reverse_Bits.cpp" />
    <ClCompile Include="Q191_Numberof1Bits.cpp" />
    <ClCompile Include="Q192_WordFrequency.cpp" />
    <ClCompile Include="Q198_HouseRobber.cpp" />
    <ClCompile Include="Q201_BitwiseANDofNumbersRange.cpp" />
    <ClCompile Include="Q202_HappyHour.cpp" />
    <ClCompile Include="Q203_RemoveLinkedListElements.cpp" />
    <ClCompile Include="Q204_CountPrimes.cpp" />
    <ClCompile Include="Q205_IsomorphicStrings.cpp" />
    <ClCompile Include="Q208_ImplementTrie.cpp" />
    <ClCompile Include="Q210_CourseScheduleII.cpp" />
    <ClCompile Include="Q211_DesignAddAndSearchWordsDataStructure.cpp" />
    <ClCompile Include="GraphNode.cpp">
      <Filter>Utilities</Filter>
    </ClCompile>
    <ClCompile Include="ListNode.cpp">
      <Filter>Utilities</Filter>
    </ClCompile>
    <ClCompile Include="Main.cpp">
      <Filter>Utilities</Filter>
    </ClCompile>
    <ClCompile Include="Node.cpp">
      <Filter>Utilities</Filter>
    </ClCompile>
    <ClCompile Include="NodeRandom.cpp">
      <Filter>Utilities</Filter>
    </ClCompile>
    <ClCompile Include="TreeNode.cpp">
      <Filter>Utilities</Filter>
    </ClCompile>
    <ClCompile Include="Q213_HouseRobberII.cpp" />
    <ClCompile Include="Q214_ShortestPalindrome.cpp" />
    <ClCompile Include="Q216_CombinationSumIII.cpp" />
    <ClCompile Include="Q217_ContainsDuplicate.cpp" />
    <ClCompile Include="Q219_ContainsDuplicateII.cpp" />
    <ClCompile Include="Q220_ContainsDuplicateIII.cpp" />
    <ClCompile Include="Q212_WordSearchII.cpp" />
    <ClCompile Include="Q221_MaximalSquare.cpp" />
    <ClCompile Include="Q223_RectangleArea.cpp" />
    <ClCompile Include="Q225_ImplementStackUsingQueues.cpp" />
    <ClCompile Include="Q218_TheSkylineProblem.cpp" />
    <ClCompile Include="Q224_BasicCalculator.cpp" />
    <ClCompile Include="Q226_InvertBinaryTree.cpp" />
    <ClCompile Include="Q256_PaintHouse.cpp" />
    <ClCompile Include="Q227_BasicCalculatorII.cpp" />
    <ClCompile Include="Q264_UglyNumberII.cpp" />
    <ClCompile Include="Q265_PaintHouseII.cpp" />
    <ClCompile Include="Q276_PaintFence.cpp" />
    <ClCompile Include="Q279_PerfectSquares.cpp" />
    <ClCompile Include="Q303_RangeSumQueryImmutable.cpp" />
    <ClCompile Include="Q304_RangeSumQuery2DImmutable.cpp" />
    <ClCompile Include="Q309_BestTimetoBuyandSellStockwithCooldown.cpp" />
    <ClCompile Include="Q312_BurstBalloons.cpp" />
    <ClCompile Include="Q321_CreateMaximumNumber.cpp" />
    <ClCompile Include="Q337_HouseRobberIII.cpp" />
    <ClCompile Include="Q338_CountingBits.cpp" />
    <ClCompile Include="Q343_IntegerBreak.cpp" />
    <ClCompile Include="Q354_RussianDollEnvelopes.cpp" />
    <ClCompile Include="Q300_LongestIncreasingSubsequence.cpp" />
    <ClCompile Include="Q357_CountNumbersWithUniqueDigits.cpp" />
    <ClCompile Include="Q361_BombEnemy.cpp" />
    <ClCompile Include="Q363_MaxSumOfRectangleNoLargerThanK.cpp" />
    <ClCompile Include="Q368_LargestDivisibleSubset.cpp" />
    <ClCompile Include="Q375_GuessNumberHigherOrLowerII.cpp" />
    <ClCompile Include="Q376_WiggleSubsequence.cpp" />
    <ClCompile Include="Q377_CombinationSumIV.cpp" />
    <ClCompile Include="Q392_IsSubSequence.cpp" />
    <ClCompile Include="Q410_SplitArrayLargestSum.cpp" />
    <ClCompile Include="Q413_ArithmeticSlices.cpp" />
    <ClCompile Include="Q416_PartitionEqualSubsetSum.cpp" />
    <ClCompile Include="Q418_SentenceScreenFitting.cpp" />
    <ClCompile Include="Q446_ArithmeticSliceIISubsequence.cpp" />
    <ClCompile Include="Q464_CanIWin.cpp" />
    <ClCompile Include="Q466_CountTheRepetitions.cpp" />
    <ClCompile Include="Q467_UniqueSubstringsInWraparoundString.cpp" />
    <ClCompile Include="Q471_EncodeStringWithShortestLength.cpp" />
    <ClCompile Include="Q459_RepeatedSubstringPattern.cpp" />
    <ClCompile Include="Q472_ConcatenatedWords.cpp" />
    <ClCompile Include="Q474_OnesAndZeros.cpp" />
    <ClCompile Include="Q486_PredictTheWinnder.cpp" />
    <ClCompile Include="Q1643_KthSmallestInstructions.cpp" />
    <ClCompile Include="Q494_TargetSum.cpp" />
    <ClCompile Include="Q514_FreedomTrail.cpp" />
    <ClCompile Include="Q516_LongestPalindromicSubsequence.cpp" />
    <ClCompile Include="Q517_SuperWashingMachines.cpp" />
    <ClCompile Include="Q523_ContinuousSubarraySum.cpp" />
    <ClCompile Include="Q546_RemoveBoxes.cpp" />
    <ClCompile Include="Q576_OutOfBoundaryPaths.cpp" />
    <ClCompile Include="Q552_StudentAttendanceRecordII.cpp" />
    <ClCompile Include="Q568_MaximumVacationDays.cpp" />
    <ClCompile Include="Q638_ShoppingOffers.cpp" />
    <ClCompile Include="Q600_NonNegativeIntegersWithoutConsecutiveOnes.cpp" />
    <ClCompile Include="Q629_KInversePairsArray.cpp" />
    <ClCompile Include="Q639_DecodeWaysII.cpp" />
    <ClCompile Include="Q646_MaximumLengthOfPairChain.cpp" />
    <ClCompile Include="Q647_PalindromicSubstrings.cpp" />
    <ClCompile Include="Q650_2KeysKeyboard.cpp" />
    <ClCompile Include="Q651_4KeysKeyBoard.cpp" />
    <ClCompile Include="Q673_NumberOfLongestIncreasingSubsequence.cpp" />
    <ClCompile Include="Q656_CoinPath.cpp" />
    <ClCompile Include="Q664_StrangePrinter.cpp" />
    <ClCompile Include="Q688_KnightProbabilityInChessboard.cpp" />
    <ClCompile Include="Q317_ShortestDistanceFromAllBuilding.cpp" />
    <ClCompile Include="Q689_MaximumSumOf3Non-OverlappingSubarrays.cpp" />
    <ClCompile Include="Q691_StrickersToSpellWord.cpp" />
    <ClCompile Include="Q698_PartitionToKEqualSumSubsets.cpp" />
    <ClCompile Include="Q712_MinimumASCIIDeleteSumForTwoStrings.cpp" />
    <ClCompile Include="Q714_BestTimeToBuyAndSellStockWithTransactionFee.cpp" />
    <ClCompile Include="Q718_MaximumLengthOfRepeatedSubarray.cpp" />
    <ClCompile Include="Q727_MinimumWindowSubsequence.cpp" />
    <ClCompile Include="Q730_CountDifferentPalindromicSubsequences.cpp" />
    <ClCompile Include="Q940_DistinctSubsequencesII.cpp" />
    <ClCompile Include="Q740_DeleteAndEarn.cpp" />
    <ClCompile Include="CF.cpp" />
    <ClCompile Include="Q746_MinCostClimbingStairs.cpp" />
    <ClCompile Include="Q750_NumberOfCornerRectangles.cpp" />
    <ClCompile Include="Q764_LargestPlusSign.cpp" />
    <ClCompile Include="Q787_CheapestFlightsWithinKStops.cpp" />
    <ClCompile Include="Q790_DominoAndTrominoTiling.cpp" />
    <ClCompile Include="Q799_ChampagneTower.cpp" />
    <ClCompile Include="Q801_MinimumSwapsToMakeSequencesIncreasing.cpp" />
    <ClCompile Include="Q808_SoupServings.cpp" />
    <ClCompile Include="Q813_LargestSumOfAverages.cpp" />
    <ClCompile Include="Q818_RaceCar.cpp" />
    <ClCompile Include="Q837_New21Game.cpp" />
    <ClCompile Include="Q838_PushDominoes.cpp" />
    <ClCompile Include="Q847_ShortestPathVisitingAllNodes.cpp" />
    <ClCompile Include="Q864_ShortestPathToGetAllKeys.cpp" />
    <ClCompile Include="Q871_MinimumNumberOfRefuelingStops.cpp" />
    <ClCompile Include="Q873_LengthOfLongestFibonacciSubsequence.cpp" />
    <ClCompile Include="Q877_StoneGame.cpp" />
    <ClCompile Include="Q879_ProfitableSchemes.cpp" />
    <ClCompile Include="Q887_SuperEggDrop.cpp" />
    <ClCompile Include="Q898_BitwiseOrsOfSubarrays.cpp" />
    <ClCompile Include="Q233_NumberOfDigitOne.cpp" />
    <ClCompile Include="Q902_NumbersAtMostNGivenDigitSet.cpp" />
    <ClCompile Include="Q903_ValidPermutationsForDISequence.cpp" />
    <ClCompile Include="Q920_NumberOfMusicPlaylists.cpp" />
    <ClCompile Include="Q931_MinimumFallingPathSum.cpp" />
    <ClCompile Include="Q935_KnightDialer.cpp" />
    <ClCompile Include="Q943_FindTheShortestSuperstring.cpp" />
    <ClCompile Include="Q956_TallestBillboard.cpp" />
    <ClCompile Include="Q950_DeleteColumnsToMakeSortedIII.cpp" />
    <ClCompile Include="Q960_DeleteColumnsToMakeSortedIII.cpp" />
    <ClCompile Include="Q78_LongestTurbulentSubarray.cpp" />
    <ClCompile Include="Q964_LeastOperatorsToExpressNumber.cpp" />
    <ClCompile Include="Q968_BinaryTreeCameras.cpp" />
    <ClCompile Include="Q975_OddEvenJump.cpp" />
    <ClCompile Include="Q983_MinimumCostForTickets.cpp" />
    <ClCompile Include="Q982_TriplesWithBitwiseAndEqualToZero.cpp" />
    <ClCompile Include="Q1055_ShortestWayToFormString.cpp" />
    <ClCompile Include="Q1058_MinimizeRoundingErrorToMeetTarget.cpp" />
    <ClCompile Include="Q1000_MinimumCostToMergeStones.cpp" />
    <ClCompile Include="Q1167_MinimumCostToConnectSticks.cpp" />
    <ClCompile Include="Q1066_CampusBikesII.cpp" />
    <ClCompile Include="Q1012_NumbersWithRepeatedDigits.cpp" />
    <ClCompile Include="Q1024_VideoStitching.cpp" />
    <ClCompile Include="Q1067_DigitCountInRange.cpp" />
    <ClCompile Include="Q1027_LongestArithmeticSubsequence.cpp" />
    <ClCompile Include="Q1074_NumberOfSubmatricesThatSumToTarget.cpp" />
    <ClCompile Include="Q1136_ParallelCourses.cpp" />
    <ClCompile Include="Q1039_MinimumScoreTriangulationOfPolygon.cpp" />
    <ClCompile Include="Q1199_MinimumTimeToBuildBlocks.cpp" />
    <ClCompile Include="Q1043_PartitionArrayForMaximumSum.cpp" />
    <ClCompile Include="Q1048_LongestStringChain.cpp" />
    <ClCompile Include="Q1092_ShortestCommonSupersequence.cpp" />
    <ClCompile Include="Q1049_LastStoneWeightII.cpp" />
    <ClCompile Include="Q1216_ValidPalindromeIII.cpp" />
    <ClCompile Include="Q1230_TossStrangeCoins.cpp" />
    <ClCompile Include="Q1246_PalindromeRemoval.cpp" />
    <ClCompile Include="Q1519_NumberOfNodesInTheSub-TreeWithTheSameLabel.cpp" />
    <ClCompile Include="Q1105_FillingBookcaseShelves.cpp" />
    <ClCompile Include="Q1273_DeleteTreeNodes.cpp" />
    <ClCompile Include="Q1130_MinimumCostTreeFromLeafValues.cpp" />
    <ClCompile Include="Q1259_HandshakesThatDon%27tCross.cpp" />
    <ClCompile Include="Q146_LRUCache.cpp" />
    <ClCompile Include="Q460_LFUCache.cpp" />
    <ClCompile Include="Q1125_SmallestSufficientTeam.cpp" />
    <ClCompile Include="Q992_SubarraysWithKDifferentIntegers.cpp" />
    <ClCompile Include="Q340_LongestSubstringWithAtMostKDistinctCharacters.cpp" />
    <ClCompile Include="Q1139_Largest1BorderedSquare.cpp" />
    <ClCompile Include="Q1289_MinimumFallingPathSumII.cpp" />
    <ClCompile Include="Q445_AddTwoNumbersII.cpp" />
    <ClCompile Include="Q739_DailyTemperatures.cpp" />
    <ClCompile Include="Q556_NextGreaterElementIII.cpp" />
    <ClCompile Include="Q31_NextPermutation.cpp" />
    <ClCompile Include="Q286_WallsAndGates.cpp" />
    <ClCompile Include="Q394_DecodeString.cpp" />
    <ClCompile Include="Q973_KClosestPointsToOrigin.cpp" />
    <ClCompile Include="Q974_SubarraySumsDivisibleByK.cpp" />
    <ClCompile Include="Q543_DiameterOfBinaryTree.cpp" />
    <ClCompile Include="Q692_TopKFrequentWords.cpp" />
    <ClCompile Include="Q299_BullsAndCows.cpp" />
    <ClCompile Include="Q402_RemoveKDigits.cpp" />
    <ClCompile Include="Q1057_CampusBikes.cpp" />
  </ItemGroup>
  <ItemGroup>
    <Filter Include="Utilities">
      <UniqueIdentifier>{dbd961ad-4d62-47fc-92fa-46ce85875d64}</UniqueIdentifier>
    </Filter>
  </ItemGroup>
  <ItemGroup>
    <ClInclude Include="LCHeader.h" />
  </ItemGroup>
</Project>